
Microsoft Visual Studio Solution File, Format Version 12.00
Project("{FAE04EC0-301F-11D3-BF4B-00C04F79EFBC}") = "Avira", "Avira\Avira.csproj", "{72EF2948-4D04-489A-8E40-DB49238CF6EF}"
EndProject
Project("{FAE04EC0-301F-11D3-BF4B-00C04F79EFBC}") = "Avira.Test", "Avira.Test\Avira.Test.csproj", "{C21295F7-9EA6-43CF-A3AF-8A7AB83B48EC}"
EndProject
Project("{FAE04EC0-301F-11D3-BF4B-00C04F79EFBC}") = "Avira.Domain", "Avira.Domain\Avira.Domain.csproj", "{AEF6362D-214F-49AD-848A-08867C3D6640}"
EndProject
Global
	GlobalSection(SolutionConfigurationPlatforms) = preSolution
		Debug|Any CPU = Debug|Any CPU
		Release|Any CPU = Release|Any CPU
	EndGlobalSection
	GlobalSection(ProjectConfigurationPlatforms) = postSolution
		{72EF2948-4D04-489A-8E40-DB49238CF6EF}.Debug|Any CPU.ActiveCfg = Debug|Any CPU
		{72EF2948-4D04-489A-8E40-DB49238CF6EF}.Debug|Any CPU.Build.0 = Debug|Any CPU
		{72EF2948-4D04-489A-8E40-DB49238CF6EF}.Release|Any CPU.ActiveCfg = Release|Any CPU
		{72EF2948-4D04-489A-8E40-DB49238CF6EF}.Release|Any CPU.Build.0 = Release|Any CPU
		{C21295F7-9EA6-43CF-A3AF-8A7AB83B48EC}.Debug|Any CPU.ActiveCfg = Debug|Any CPU
		{C21295F7-9EA6-43CF-A3AF-8A7AB83B48EC}.Debug|Any CPU.Build.0 = Debug|Any CPU
		{C21295F7-9EA6-43CF-A3AF-8A7AB83B48EC}.Release|Any CPU.ActiveCfg = Release|Any CPU
		{C21295F7-9EA6-43CF-A3AF-8A7AB83B48EC}.Release|Any CPU.Build.0 = Release|Any CPU
		{AEF6362D-214F-49AD-848A-08867C3D6640}.Debug|Any CPU.ActiveCfg = Debug|Any CPU
		{AEF6362D-214F-49AD-848A-08867C3D6640}.Debug|Any CPU.Build.0 = Debug|Any CPU
		{AEF6362D-214F-49AD-848A-08867C3D6640}.Release|Any CPU.ActiveCfg = Release|Any CPU
		{AEF6362D-214F-49AD-848A-08867C3D6640}.Release|Any CPU.Build.0 = Release|Any CPU
	EndGlobalSection
EndGlobal
